
Microsoft Visual Studio Solution File, Format Version 12.00
# Visual Studio 15
VisualStudioVersion = 15.0.27703.2035
MinimumVisualStudioVersion = 10.0.40219.1
Project("{FAE04EC0-301F-11D3-BF4B-00C04F79EFBC}") = "WebCrm.Rest.UI", "WebCrm.Rest.UI\WebCrm.Rest.UI.csproj", "{F7BE742C-0CEB-485D-8C22-942F75C6EE29}"
EndProject
Project("{FAE04EC0-301F-11D3-BF4B-00C04F79EFBC}") = "WebCrm.Rest.Model", "WebCrm.Rest.Model\WebCrm.Rest.Model.csproj", "{9E937795-67B8-4F71-ACEC-E83721F2C6EB}"
EndProject
Project("{FAE04EC0-301F-11D3-BF4B-00C04F79EFBC}") = "WebCrm.Rest.Net", "WebCrm.Rest.Net\WebCrm.Rest.Net.csproj", "{4DCA4C0F-D3B7-427B-920A-D256CE61A359}"
EndProject
Global
	GlobalSection(SolutionConfigurationPlatforms) = preSolution
		Debug|Any CPU = Debug|Any CPU
		Release|Any CPU = Release|Any CPU
	EndGlobalSection
	GlobalSection(ProjectConfigurationPlatforms) = postSolution
		{F7BE742C-0CEB-485D-8C22-942F75C6EE29}.Debug|Any CPU.ActiveCfg = Debug|Any CPU
		{F7BE742C-0CEB-485D-8C22-942F75C6EE29}.Debug|Any CPU.Build.0 = Debug|Any CPU
		{F7BE742C-0CEB-485D-8C22-942F75C6EE29}.Release|Any CPU.ActiveCfg = Release|Any CPU
		{F7BE742C-0CEB-485D-8C22-942F75C6EE29}.Release|Any CPU.Build.0 = Release|Any CPU
		{9E937795-67B8-4F71-ACEC-E83721F2C6EB}.Debug|Any CPU.ActiveCfg = Debug|Any CPU
		{9E937795-67B8-4F71-ACEC-E83721F2C6EB}.Debug|Any CPU.Build.0 = Debug|Any CPU
		{9E937795-67B8-4F71-ACEC-E83721F2C6EB}.Release|Any CPU.ActiveCfg = Release|Any CPU
		{9E937795-67B8-4F71-ACEC-E83721F2C6EB}.Release|Any CPU.Build.0 = Release|Any CPU
		{4DCA4C0F-D3B7-427B-920A-D256CE61A359}.Debug|Any CPU.ActiveCfg = Debug|Any CPU
		{4DCA4C0F-D3B7-427B-920A-D256CE61A359}.Debug|Any CPU.Build.0 = Debug|Any CPU
		{4DCA4C0F-D3B7-427B-920A-D256CE61A359}.Release|Any CPU.ActiveCfg = Release|Any CPU
		{4DCA4C0F-D3B7-427B-920A-D256CE61A359}.Release|Any CPU.Build.0 = Release|Any CPU
	EndGlobalSection
	GlobalSection(SolutionProperties) = preSolution
		HideSolutionNode = FALSE
	EndGlobalSection
	GlobalSection(ExtensibilityGlobals) = postSolution
		SolutionGuid = {F10B0D10-1E96-431F-8364-C9C9CE3EADF3}
	EndGlobalSection
EndGlobal
